// !$*UTF8*$!
{
	archiveVersion = 1;
	classes = {
	};
	objectVersion = 77;
	objects = {

/* Begin PBXContainerItemProxy section */
		0823F9E52F7756D100BE4438 /* PBXContainerItemProxy */ = {
			isa = PBXContainerItemProxy;
			containerPortal = 0823F9CE2F7756D000BE4438 /* Project object */;
			proxyType = 1;
			remoteGlobalIDString = 0823F9D52F7756D000BE4438;
			remoteInfo = Vectormac;
		};
		0823F9EF2F7756D100BE4438 /* PBXContainerItemProxy */ = {
			isa = PBXContainerItemProxy;
			containerPortal = 0823F9CE2F7756D000BE4438 /* Project object */;
			proxyType = 1;
			remoteGlobalIDString = 0823F9D52F7756D000BE4438;
			remoteInfo = Vectormac;
		};
/* End PBXContainerItemProxy section */

/* Begin PBXFileReference section */
		0823F9D62F7756D000BE4438 /* Vectormac.app */ = {isa = PBXFileReference; explicitFileType = wrapper.application; includeInIndex = 0; path = Vectormac.app; sourceTree = BUILT_PRODUCTS_DIR; };
		0823F9E42F7756D100BE4438 /* VectormacTests.xctest */ = {isa = PBXFileReference; explicitFileType = wrapper.cfbundle; includeInIndex = 0; path = VectormacTests.xctest; sourceTree = BUILT_PRODUCTS_DIR; };
		0823F9EE2F7756D100BE4438 /* VectormacUITests.xctest */ = {isa = PBXFileReference; explicitFileType = wrapper.cfbundle; includeInIndex = 0; path = VectormacUITests.xctest; sourceTree = BUILT_PRODUCTS_DIR; };
/* End PBXFileReference section */

/* Begin PBXFileSystemSynchronizedRootGroup section */
		0823F9D82F7756D000BE4438 /* Vectormac */ = {
			isa = PBXFileSystemSynchronizedRootGroup;
			path = Vectormac;
			sourceTree = "<group>";
		};
		0823F9E72F7756D100BE4438 /* VectormacTests */ = {
			isa = PBXFileSystemSynchronizedRootGroup;
			path = VectormacTests;
			sourceTree = "<group>";
		};
		0823F9F12F7756D100BE4438 /* VectormacUITests */ = {
			isa = PBXFileSystemSynchronizedRootGroup;
			path = VectormacUITests;
			sourceTree = "<group>";
		};
/* End PBXFileSystemSynchronizedRootGroup section */

/* Begin PBXFrameworksBuildPhase section */
		0823F9D32F7756D000BE4438 /* Frameworks */ = {
			isa = PBXFrameworksBuildPhase;
			buildActionMask = 2147483647;
			files = (
			);
			runOnlyForDeploymentPostprocessing = 0;
		};
		0823F9E12F7756D100BE4438 /* Frameworks */ = {
			isa = PBXFrameworksBuildPhase;
			buildActionMask = 2147483647;
			files = (
			);
			runOnlyForDeploymentPostprocessing = 0;
		};
		0823F9EB2F7756D100BE4438 /* Frameworks */ = {
			isa = PBXFrameworksBuildPhase;
			buildActionMask = 2147483647;
			files = (
			);
			runOnlyForDeploymentPostprocessing = 0;
		};
/* End PBXFrameworksBuildPhase section */

/* Begin PBXGroup section */
		0823F9CD2F7756D000BE4438 = {
			isa = PBXGroup;
			children = (
				0823F9D82F7756D000BE4438 /* Vectormac */,
				0823F9E72F7756D100BE4438 /* VectormacTests */,
				0823F9F12F7756D100BE4438 /* VectormacUITests */,
				0823F9D72F7756D000BE4438 /* Products */,
			);
			sourceTree = "<group>";
		};
		0823F9D72F7756D000BE4438 /* Products */ = {
			isa = PBXGroup;
			children = (
				0823F9D62F7756D000BE4438 /* Vectormac.app */,
				0823F9E42F7756D100BE4438 /* VectormacTests.xctest */,
				0823F9EE2F7756D100BE4438 /* VectormacUITests.xctest */,
			);
			name = Products;
			sourceTree = "<group>";
		};
/* End PBXGroup section */

/* Begin PBXNativeTarget section */
		0823F9D52F7756D000BE4438 /* Vectormac */ = {
			isa = PBXNativeTarget;
			buildConfigurationList = 0823F9F82F7756D100BE4438 /* Build configuration list for PBXNativeTarget "Vectormac" */;
			buildPhases = (
				0823F9D22F7756D000BE4438 /* Sources */,
				0823F9D32F7756D000BE4438 /* Frameworks */,
				0823F9D42F7756D000BE4438 /* Resources */,
			);
			buildRules = (
			);
			dependencies = (
			);
			fileSystemSynchronizedGroups = (
				0823F9D82F7756D000BE4438 /* Vectormac */,
			);
			name = Vectormac;
			packageProductDependencies = (
			);
			productName = Vectormac;
			productReference = 0823F9D62F7756D000BE4438 /* Vectormac.app */;
			productType = "com.apple.product-type.application";
		};
		0823F9E32F7756D100BE4438 /* VectormacTests */ = {
			isa = PBXNativeTarget;
			buildConfigurationList = 0823F9FB2F7756D100BE4438 /* Build configuration list for PBXNativeTarget "VectormacTests" */;
			buildPhases = (
				0823F9E02F7756D100BE4438 /* Sources */,
				0823F9E12F7756D100BE4438 /* Frameworks */,
				0823F9E22F7756D100BE4438 /* Resources */,
			);
			buildRules = (
			);
			dependencies = (
				0823F9E62F7756D100BE4438 /* PBXTargetDependency */,
			);
			fileSystemSynchronizedGroups = (
				0823F9E72F7756D100BE4438 /* VectormacTests */,
			);
			name = VectormacTests;
			packageProductDependencies = (
			);
			productName = VectormacTests;
			productReference = 0823F9E42F7756D100BE4438 /* VectormacTests.xctest */;
			productType = "com.apple.product-type.bundle.unit-test";
		};
		0823F9ED2F7756D100BE4438 /* VectormacUITests */ = {
			isa = PBXNativeTarget;
			buildConfigurationList = 0823F9FE2F7756D100BE4438 /* Build configuration list for PBXNativeTarget "VectormacUITests" */;
			buildPhases = (
				0823F9EA2F7756D100BE4438 /* Sources */,
				0823F9EB2F7756D100BE4438 /* Frameworks */,
				0823F9EC2F7756D100BE4438 /* Resources */,
			);
			buildRules = (
			);
			dependencies = (
				0823F9F02F7756D100BE4438 /* PBXTargetDependency */,
			);
			fileSystemSynchronizedGroups = (
				0823F9F12F7756D100BE4438 /* VectormacUITests */,
			);
			name = VectormacUITests;
			packageProductDependencies = (
			);
			productName = VectormacUITests;
			productReference = 0823F9EE2F7756D100BE4438 /* VectormacUITests.xctest */;
			productType = "com.apple.product-type.bundle.ui-testing";
		};
/* End PBXNativeTarget section */

/* Begin PBXProject section */
		0823F9CE2F7756D000BE4438 /* Project object */ = {
			isa = PBXProject;
			attributes = {
				BuildIndependentTargetsInParallel = 1;
				LastSwiftUpdateCheck = 1640;
				LastUpgradeCheck = 1640;
				TargetAttributes = {
					0823F9D52F7756D000BE4438 = {
						CreatedOnToolsVersion = 16.4;
					};
					0823F9E32F7756D100BE4438 = {
						CreatedOnToolsVersion = 16.4;
						TestTargetID = 0823F9D52F7756D000BE4438;
					};
					0823F9ED2F7756D100BE4438 = {
						CreatedOnToolsVersion = 16.4;
						TestTargetID = 0823F9D52F7756D000BE4438;
					};
				};
			};
			buildConfigurationList = 0823F9D12F7756D000BE4438 /* Build configuration list for PBXProject "Vectormac" */;
			developmentRegion = en;
			hasScannedForEncodings = 0;
			knownRegions = (
				en,
				Base,
			);
			mainGroup = 0823F9CD2F7756D000BE4438;
			minimizedProjectReferenceProxies = 1;
			preferredProjectObjectVersion = 77;
			productRefGroup = 0823F9D72F7756D000BE4438 /* Products */;
			projectDirPath = "";
			projectRoot = "";
			targets = (
				0823F9D52F7756D000BE4438 /* Vectormac */,
				0823F9E32F7756D100BE4438 /* VectormacTests */,
				0823F9ED2F7756D100BE4438 /* VectormacUITests */,
			);
		};
/* End PBXProject section */

/* Begin PBXResourcesBuildPhase section */
		0823F9D42F7756D000BE4438 /* Resources */ = {
			isa = PBXResourcesBuildPhase;
			buildActionMask = 2147483647;
			files = (
			);
			runOnlyForDeploymentPostprocessing = 0;
		};
		0823F9E22F7756D100BE4438 /* Resources */ = {
			isa = PBXResourcesBuildPhase;
			buildActionMask = 2147483647;
			files = (
			);
			runOnlyForDeploymentPostprocessing = 0;
		};
		0823F9EC2F7756D100BE4438 /* Resources */ = {
			isa = PBXResourcesBuildPhase;
			buildActionMask = 2147483647;
			files = (
			);
			runOnlyForDeploymentPostprocessing = 0;
		};
/* End PBXResourcesBuildPhase section */

/* Begin PBXSourcesBuildPhase section */
		0823F9D22F7756D000BE4438 /* Sources */ = {
			isa = PBXSourcesBuildPhase;
			buildActionMask = 2147483647;
			files = (
			);
			runOnlyForDeploymentPostprocessing = 0;
		};
		0823F9E02F7756D100BE4438 /* Sources */ = {
			isa = PBXSourcesBuildPhase;
			buildActionMask = 2147483647;
			files = (
			);
			runOnlyForDeploymentPostprocessing = 0;
		};
		0823F9EA2F7756D100BE4438 /* Sources */ = {
			isa = PBXSourcesBuildPhase;
			buildActionMask = 2147483647;
			files = (
			);
			runOnlyForDeploymentPostprocessing = 0;
		};
/* End PBXSourcesBuildPhase section */

/* Begin PBXTargetDependency section */
		0823F9E62F7756D100BE4438 /* PBXTargetDependency */ = {
			isa = PBXTargetDependency;
			target = 0823F9D52F7756D000BE4438 /* Vectormac */;
			targetProxy = 0823F9E52F7756D100BE4438 /* PBXContainerItemProxy */;
		};
		0823F9F02F7756D100BE4438 /* PBXTargetDependency */ = {
			isa = PBXTargetDependency;
			target = 0823F9D52F7756D000BE4438 /* Vectormac */;
			targetProxy = 0823F9EF2F7756D100BE4438 /* PBXContainerItemProxy */;
		};
/* End PBXTargetDependency section */

/* Begin XCBuildConfiguration section */
		0823F9F62F7756D100BE4438 /* Debug */ = {
			isa = XCBuildConfiguration;
			buildSettings = {
				ALWAYS_SEARCH_USER_PATHS = NO;
				ASSETCATALOG_COMPILER_GENERATE_SWIFT_ASSET_SYMBOL_EXTENSIONS = YES;
				CLANG_ANALYZER_NONNULL = YES;
				CLANG_ANALYZER_NUMBER_OBJECT_CONVERSION = YES_AGGRESSIVE;
				CLANG_CXX_LANGUAGE_STANDARD = "gnu++20";
				CLANG_ENABLE_MODULES = YES;
				CLANG_ENABLE_OBJC_ARC = YES;
				CLANG_ENABLE_OBJC_WEAK = YES;
				CLANG_WARN_BLOCK_CAPTURE_AUTORELEASING = YES;
				CLANG_WARN_BOOL_CONVERSION = YES;
				CLANG_WARN_COMMA = YES;
				CLANG_WARN_CONSTANT_CONVERSION = YES;
				CLANG_WARN_DEPRECATED_OBJC_IMPLEMENTATIONS = YES;
				CLANG_WARN_DIRECT_OBJC_ISA_USAGE = YES_ERROR;
				CLANG_WARN_DOCUMENTATION_COMMENTS = YES;
				CLANG_WARN_EMPTY_BODY = YES;
				CLANG_WARN_ENUM_CONVERSION = YES;
				CLANG_WARN_INFINITE_RECURSION = YES;
				CLANG_WARN_INT_CONVERSION = YES;
				CLANG_WARN_NON_LITERAL_NULL_CONVERSION = YES;
				CLANG_WARN_OBJC_IMPLICIT_RETAIN_SELF = YES;
				CLANG_WARN_OBJC_LITERAL_CONVERSION = YES;
				CLANG_WARN_OBJC_ROOT_CLASS = YES_ERROR;
				CLANG_WARN_QUOTED_INCLUDE_IN_FRAMEWORK_HEADER = YES;
				CLANG_WARN_RANGE_LOOP_ANALYSIS = YES;
				CLANG_WARN_STRICT_PROTOTYPES = YES;
				CLANG_WARN_SUSPICIOUS_MOVE = YES;
				CLANG_WARN_UNGUARDED_AVAILABILITY = YES_AGGRESSIVE;
				CLANG_WARN_UNREACHABLE_CODE = YES;
				CLANG_WARN__DUPLICATE_METHOD_MATCH = YES;
				COPY_PHASE_STRIP = NO;
				DEBUG_INFORMATION_FORMAT = dwarf;
				DEVELOPMENT_TEAM = K6V5YW283C;
				ENABLE_STRICT_OBJC_MSGSEND = YES;
				ENABLE_TESTABILITY = YES;
				ENABLE_USER_SCRIPT_SANDBOXING = YES;
				GCC_C_LANGUAGE_STANDARD = gnu17;
				GCC_DYNAMIC_NO_PIC = NO;
				GCC_NO_COMMON_BLOCKS = YES;
				GCC_OPTIMIZATION_LEVEL = 0;
				GCC_PREPROCESSOR_DEFINITIONS = (
					"DEBUG=1",
					"$(inherited)",
				);
				GCC_WARN_64_TO_32_BIT_CONVERSION = YES;
				GCC_WARN_ABOUT_RETURN_TYPE = YES_ERROR;
				GCC_WARN_UNDECLARED_SELECTOR = YES;
				GCC_WARN_UNINITIALIZED_AUTOS = YES_AGGRESSIVE;
				GCC_WARN_UNUSED_FUNCTION = YES;
				GCC_WARN_UNUSED_VARIABLE = YES;
				LOCALIZATION_PREFERS_STRING_CATALOGS = YES;
				MACOSX_DEPLOYMENT_TARGET = 15.5;
				MTL_ENABLE_DEBUG_INFO = INCLUDE_SOURCE;
				MTL_FAST_MATH = YES;
				ONLY_ACTIVE_ARCH = YES;
				SDKROOT = macosx;
				SWIFT_ACTIVE_COMPILATION_CONDITIONS = "DEBUG $(inherited)";
				SWIFT_OPTIMIZATION_LEVEL = "-Onone";
			};
			name = Debug;
		};
		0823F9F72F7756D100BE4438 /* Release */ = {
			isa = XCBuildConfiguration;
			buildSettings = {
				ALWAYS_SEARCH_USER_PATHS = NO;
				ASSETCATALOG_COMPILER_GENERATE_SWIFT_ASSET_SYMBOL_EXTENSIONS = YES;
				CLANG_ANALYZER_NONNULL = YES;
				CLANG_ANALYZER_NUMBER_OBJECT_CONVERSION = YES_AGGRESSIVE;
				CLANG_CXX_LANGUAGE_STANDARD = "gnu++20";
				CLANG_ENABLE_MODULES = YES;
				CLANG_ENABLE_OBJC_ARC = YES;
				CLANG_ENABLE_OBJC_WEAK = YES;
				CLANG_WARN_BLOCK_CAPTURE_AUTORELEASING = YES;
				CLANG_WARN_BOOL_CONVERSION = YES;
				CLANG_WARN_COMMA = YES;
				CLANG_WARN_CONSTANT_CONVERSION = YES;
				CLANG_WARN_DEPRECATED_OBJC_IMPLEMENTATIONS = YES;
				CLANG_WARN_DIRECT_OBJC_ISA_USAGE = YES_ERROR;
				CLANG_WARN_DOCUMENTATION_COMMENTS = YES;
				CLANG_WARN_EMPTY_BODY = YES;
				CLANG_WARN_ENUM_CONVERSION = YES;
				CLANG_WARN_INFINITE_RECURSION = YES;
				CLANG_WARN_INT_CONVERSION = YES;
				CLANG_WARN_NON_LITERAL_NULL_CONVERSION = YES;
				CLANG_WARN_OBJC_IMPLICIT_RETAIN_SELF = YES;
				CLANG_WARN_OBJC_LITERAL_CONVERSION = YES;
				CLANG_WARN_OBJC_ROOT_CLASS = YES_ERROR;
				CLANG_WARN_QUOTED_INCLUDE_IN_FRAMEWORK_HEADER = YES;
				CLANG_WARN_RANGE_LOOP_ANALYSIS = YES;
				CLANG_WARN_STRICT_PROTOTYPES = YES;
				CLANG_WARN_SUSPICIOUS_MOVE = YES;
				CLANG_WARN_UNGUARDED_AVAILABILITY = YES_AGGRESSIVE;
				CLANG_WARN_UNREACHABLE_CODE = YES;
				CLANG_WARN__DUPLICATE_METHOD_MATCH = YES;
				COPY_PHASE_STRIP = NO;
				DEBUG_INFORMATION_FORMAT = "dwarf-with-dsym";
				DEVELOPMENT_TEAM = K6V5YW283C;
				ENABLE_NS_ASSERTIONS = NO;
				ENABLE_STRICT_OBJC_MSGSEND = YES;
				ENABLE_USER_SCRIPT_SANDBOXING = YES;
				GCC_C_LANGUAGE_STANDARD = gnu17;
				GCC_NO_COMMON_BLOCKS = YES;
				GCC_WARN_64_TO_32_BIT_CONVERSION = YES;
				GCC_WARN_ABOUT_RETURN_TYPE = YES_ERROR;
				GCC_WARN_UNDECLARED_SELECTOR = YES;
				GCC_WARN_UNINITIALIZED_AUTOS = YES_AGGRESSIVE;
				GCC_WARN_UNUSED_FUNCTION = YES;
				GCC_WARN_UNUSED_VARIABLE = YES;
				LOCALIZATION_PREFERS_STRING_CATALOGS = YES;
				MACOSX_DEPLOYMENT_TARGET = 15.5;
				MTL_ENABLE_DEBUG_INFO = NO;
				MTL_FAST_MATH = YES;
				SDKROOT = macosx;
				SWIFT_COMPILATION_MODE = wholemodule;
			};
			name = Release;
		};
		0823F9F92F7756D100BE4438 /* Debug */ = {
			isa = XCBuildConfiguration;
			buildSettings = {
				ASSETCATALOG_COMPILER_APPICON_NAME = AppIcon;
				ASSETCATALOG_COMPILER_GLOBAL_ACCENT_COLOR_NAME = AccentColor;
				CODE_SIGN_ENTITLEMENTS = Vectormac/Vectormac.entitlements;
				CODE_SIGN_STYLE = Automatic;
				COMBINE_HIDPI_IMAGES = YES;
				CURRENT_PROJECT_VERSION = 1;
				DEVELOPMENT_TEAM = K6V5YW283C;
				ENABLE_HARDENED_RUNTIME = YES;
				ENABLE_PREVIEWS = YES;
				GENERATE_INFOPLIST_FILE = YES;
				INFOPLIST_KEY_NSHumanReadableCopyright = "";
				LD_RUNPATH_SEARCH_PATHS = (
					"$(inherited)",
					"@executable_path/../Frameworks",
				);
				MARKETING_VERSION = 1.0;
				PRODUCT_BUNDLE_IDENTIFIER = ariz.Vectormac;
				PRODUCT_NAME = "$(TARGET_NAME)";
				REGISTER_APP_GROUPS = YES;
				SWIFT_EMIT_LOC_STRINGS = YES;
				SWIFT_VERSION = 5.0;
			};
			name = Debug;
		};
		0823F9FA2F7756D100BE4438 /* Release */ = {
			isa = XCBuildConfiguration;
			buildSettings = {
				ASSETCATALOG_COMPILER_APPICON_NAME = AppIcon;
				ASSETCATALOG_COMPILER_GLOBAL_ACCENT_COLOR_NAME = AccentColor;
				CODE_SIGN_ENTITLEMENTS = Vectormac/Vectormac.entitlements;
				CODE_SIGN_STYLE = Automatic;
				COMBINE_HIDPI_IMAGES = YES;
				CURRENT_PROJECT_VERSION = 1;
				DEVELOPMENT_TEAM = K6V5YW283C;
				ENABLE_HARDENED_RUNTIME = YES;
				ENABLE_PREVIEWS = YES;
				GENERATE_INFOPLIST_FILE = YES;
				INFOPLIST_KEY_NSHumanReadableCopyright = "";
				LD_RUNPATH_SEARCH_PATHS = (
					"$(inherited)",
					"@executable_path/../Frameworks",
				);
				MARKETING_VERSION = 1.0;
				PRODUCT_BUNDLE_IDENTIFIER = ariz.Vectormac;
				PRODUCT_NAME = "$(TARGET_NAME)";
				REGISTER_APP_GROUPS = YES;
				SWIFT_EMIT_LOC_STRINGS = YES;
				SWIFT_VERSION = 5.0;
			};
			name = Release;
		};
		0823F9FC2F7756D100BE4438 /* Debug */ = {
			isa = XCBuildConfiguration;
			buildSettings = {
				BUNDLE_LOADER = "$(TEST_HOST)";
				CODE_SIGN_STYLE = Automatic;
				CURRENT_PROJECT_VERSION = 1;
				DEVELOPMENT_TEAM = K6V5YW283C;
				GENERATE_INFOPLIST_FILE = YES;
				MACOSX_DEPLOYMENT_TARGET = 15.5;
				MARKETING_VERSION = 1.0;
				PRODUCT_BUNDLE_IDENTIFIER = ariz.VectormacTests;
				PRODUCT_NAME = "$(TARGET_NAME)";
				SWIFT_EMIT_LOC_STRINGS = NO;
				SWIFT_VERSION = 5.0;
				TEST_HOST = "$(BUILT_PRODUCTS_DIR)/Vectormac.app/$(BUNDLE_EXECUTABLE_FOLDER_PATH)/Vectormac";
			};
			name = Debug;
		};
		0823F9FD2F7756D100BE4438 /* Release */ = {
			isa = XCBuildConfiguration;
			buildSettings = {
				BUNDLE_LOADER = "$(TEST_HOST)";
				CODE_SIGN_STYLE = Automatic;
				CURRENT_PROJECT_VERSION = 1;
				DEVELOPMENT_TEAM = K6V5YW283C;
				GENERATE_INFOPLIST_FILE = YES;
				MACOSX_DEPLOYMENT_TARGET = 15.5;
				MARKETING_VERSION = 1.0;
				PRODUCT_BUNDLE_IDENTIFIER = ariz.VectormacTests;
				PRODUCT_NAME = "$(TARGET_NAME)";
				SWIFT_EMIT_LOC_STRINGS = NO;
				SWIFT_VERSION = 5.0;
				TEST_HOST = "$(BUILT_PRODUCTS_DIR)/Vectormac.app/$(BUNDLE_EXECUTABLE_FOLDER_PATH)/Vectormac";
			};
			name = Release;
		};
		0823F9FF2F7756D100BE4438 /* Debug */ = {
			isa = XCBuildConfiguration;
			buildSettings = {
				CODE_SIGN_STYLE = Automatic;
				CURRENT_PROJECT_VERSION = 1;
				DEVELOPMENT_TEAM = K6V5YW283C;
				GENERATE_INFOPLIST_FILE = YES;
				MARKETING_VERSION = 1.0;
				PRODUCT_BUNDLE_IDENTIFIER = ariz.VectormacUITests;
				PRODUCT_NAME = "$(TARGET_NAME)";
				SWIFT_EMIT_LOC_STRINGS = NO;
				SWIFT_VERSION = 5.0;
				TEST_TARGET_NAME = Vectormac;
			};
			name = Debug;
		};
		0823FA002F7756D100BE4438 /* Release */ = {
			isa = XCBuildConfiguration;
			buildSettings = {
				CODE_SIGN_STYLE = Automatic;
				CURRENT_PROJECT_VERSION = 1;
				DEVELOPMENT_TEAM = K6V5YW283C;
				GENERATE_INFOPLIST_FILE = YES;
				MARKETING_VERSION = 1.0;
				PRODUCT_BUNDLE_IDENTIFIER = ariz.VectormacUITests;
				PRODUCT_NAME = "$(TARGET_NAME)";
				SWIFT_EMIT_LOC_STRINGS = NO;
				SWIFT_VERSION = 5.0;
				TEST_TARGET_NAME = Vectormac;
			};
			name = Release;
		};
/* End XCBuildConfiguration section */

/* Begin XCConfigurationList section */
		0823F9D12F7756D000BE4438 /* Build configuration list for PBXProject "Vectormac" */ = {
			isa = XCConfigurationList;
			buildConfigurations = (
				0823F9F62F7756D100BE4438 /* Debug */,
				0823F9F72F7756D100BE4438 /* Release */,
			);
			defaultConfigurationIsVisible = 0;
			defaultConfigurationName = Release;
		};
		0823F9F82F7756D100BE4438 /* Build configuration list for PBXNativeTarget "Vectormac" */ = {
			isa = XCConfigurationList;
			buildConfigurations = (
				0823F9F92F7756D100BE4438 /* Debug */,
				0823F9FA2F7756D100BE4438 /* Release */,
			);
			defaultConfigurationIsVisible = 0;
			defaultConfigurationName = Release;
		};
		0823F9FB2F7756D100BE4438 /* Build configuration list for PBXNativeTarget "VectormacTests" */ = {
			isa = XCConfigurationList;
			buildConfigurations = (
				0823F9FC2F7756D100BE4438 /* Debug */,
				0823F9FD2F7756D100BE4438 /* Release */,
			);
			defaultConfigurationIsVisible = 0;
			defaultConfigurationName = Release;
		};
		0823F9FE2F7756D100BE4438 /* Build configuration list for PBXNativeTarget "VectormacUITests" */ = {
			isa = XCConfigurationList;
			buildConfigurations = (
				0823F9FF2F7756D100BE4438 /* Debug */,
				0823FA002F7756D100BE4438 /* Release */,
			);
			defaultConfigurationIsVisible = 0;
			defaultConfigurationName = Release;
		};
/* End XCConfigurationList section */
	};
	rootObject = 0823F9CE2F7756D000BE4438 /* Project object */;
}
